
Microsoft Visual Studio Solution File, Format Version 12.00
# Visual Studio Version 17
VisualStudioVersion = 17.0.32112.339
MinimumVisualStudioVersion = 10.0.40219.1
Project("{9A19103F-16F7-4668-BE54-9A1E7A4F7556}") = "ResponseCache.API", "ResponseCache.API\ResponseCache.API.csproj", "{50394CB2-3802-4D46-A3E1-444880AF8255}"
EndProject
Project("{FAE04EC0-301F-11D3-BF4B-00C04F79EFBC}") = "ResponseCache.Application", "ResponseCache.Application\ResponseCache.Application.csproj", "{AB3B2331-7BFC-40A4-8FD8-763EB0DAB3C1}"
EndProject
Project("{FAE04EC0-301F-11D3-BF4B-00C04F79EFBC}") = "ResponseCache.Domain", "ResponseCache.Domain\ResponseCache.Domain.csproj", "{A547F443-2C21-4D9A-A75D-30789B538C1D}"
EndProject
Project("{FAE04EC0-301F-11D3-BF4B-00C04F79EFBC}") = "ResponseCache.Infra.DB", "ResponseCache.Infra.DB\ResponseCache.Infra.DB.csproj", "{02C9DCDF-5ED8-48CF-9CDF-AE9F81513E5B}"
EndProject
Global
	GlobalSection(SolutionConfigurationPlatforms) = preSolution
		Debug|Any CPU = Debug|Any CPU
		Release|Any CPU = Release|Any CPU
	EndGlobalSection
	GlobalSection(ProjectConfigurationPlatforms) = postSolution
		{50394CB2-3802-4D46-A3E1-444880AF8255}.Debug|Any CPU.ActiveCfg = Debug|Any CPU
		{50394CB2-3802-4D46-A3E1-444880AF8255}.Debug|Any CPU.Build.0 = Debug|Any CPU
		{50394CB2-3802-4D46-A3E1-444880AF8255}.Release|Any CPU.ActiveCfg = Release|Any CPU
		{50394CB2-3802-4D46-A3E1-444880AF8255}.Release|Any CPU.Build.0 = Release|Any CPU
		{AB3B2331-7BFC-40A4-8FD8-763EB0DAB3C1}.Debug|Any CPU.ActiveCfg = Debug|Any CPU
		{AB3B2331-7BFC-40A4-8FD8-763EB0DAB3C1}.Debug|Any CPU.Build.0 = Debug|Any CPU
		{AB3B2331-7BFC-40A4-8FD8-763EB0DAB3C1}.Release|Any CPU.ActiveCfg = Release|Any CPU
		{AB3B2331-7BFC-40A4-8FD8-763EB0DAB3C1}.Release|Any CPU.Build.0 = Release|Any CPU
		{A547F443-2C21-4D9A-A75D-30789B538C1D}.Debug|Any CPU.ActiveCfg = Debug|Any CPU
		{A547F443-2C21-4D9A-A75D-30789B538C1D}.Debug|Any CPU.Build.0 = Debug|Any CPU
		{A547F443-2C21-4D9A-A75D-30789B538C1D}.Release|Any CPU.ActiveCfg = Release|Any CPU
		{A547F443-2C21-4D9A-A75D-30789B538C1D}.Release|Any CPU.Build.0 = Release|Any CPU
		{02C9DCDF-5ED8-48CF-9CDF-AE9F81513E5B}.Debug|Any CPU.ActiveCfg = Debug|Any CPU
		{02C9DCDF-5ED8-48CF-9CDF-AE9F81513E5B}.Debug|Any CPU.Build.0 = Debug|Any CPU
		{02C9DCDF-5ED8-48CF-9CDF-AE9F81513E5B}.Release|Any CPU.ActiveCfg = Release|Any CPU
		{02C9DCDF-5ED8-48CF-9CDF-AE9F81513E5B}.Release|Any CPU.Build.0 = Release|Any CPU
	EndGlobalSection
	GlobalSection(SolutionProperties) = preSolution
		HideSolutionNode = FALSE
	EndGlobalSection
	GlobalSection(ExtensibilityGlobals) = postSolution
		SolutionGuid = {68EFCEC8-F9E3-4BBE-A024-238F1ED2C32B}
	EndGlobalSection
EndGlobal
